
Microsoft Visual Studio Solution File, Format Version 12.00
# Visual Studio Version 16
VisualStudioVersion = 16.0.29613.14
MinimumVisualStudioVersion = 10.0.40219.1
Project("{FAE04EC0-301F-11D3-BF4B-00C04F79EFBC}") = "RequesterHTTP", "RequesterHTTP\RequesterHTTP.csproj", "{6EF88840-D731-41C4-A0B3-818D10D5EA2A}"
EndProject
Global
	GlobalSection(SolutionConfigurationPlatforms) = preSolution
		Debug|Any CPU = Debug|Any CPU
		Release|Any CPU = Release|Any CPU
	EndGlobalSection
	GlobalSection(ProjectConfigurationPlatforms) = postSolution
		{6EF88840-D731-41C4-A0B3-818D10D5EA2A}.Debug|Any CPU.ActiveCfg = Debug|Any CPU
		{6EF88840-D731-41C4-A0B3-818D10D5EA2A}.Debug|Any CPU.Build.0 = Debug|Any CPU
		{6EF88840-D731-41C4-A0B3-818D10D5EA2A}.Release|Any CPU.ActiveCfg = Release|Any CPU
		{6EF88840-D731-41C4-A0B3-818D10D5EA2A}.Release|Any CPU.Build.0 = Release|Any CPU
	EndGlobalSection
	GlobalSection(SolutionProperties) = preSolution
		HideSolutionNode = FALSE
	EndGlobalSection
	GlobalSection(ExtensibilityGlobals) = postSolution
		SolutionGuid = {B1757D1D-3824-43E1-83A1-BDECD9562428}
	EndGlobalSection
EndGlobal
